
Microsoft Visual Studio Solution File, Format Version 12.00
# Visual Studio Version 16
VisualStudioVersion = 16.0.30011.22
MinimumVisualStudioVersion = 10.0.40219.1
Project("{8BC9CEB8-8B4A-11D0-8D11-00A0C91BC942}") = "Snake", "Snake\Snake.vcxproj", "{28FBB217-6DA2-4657-9090-B45138E27D88}"
EndProject
Project("{8BC9CEB8-8B4A-11D0-8D11-00A0C91BC942}") = "ConsoleApplication2", "ConsoleApplication2\ConsoleApplication2.vcxproj", "{AAEFC325-AD90-427D-9A08-563F69E7038C}"
EndProject
Global
	GlobalSection(SolutionConfigurationPlatforms) = preSolution
		Debug|x64 = Debug|x64
		Debug|x86 = Debug|x86
		Release|x64 = Release|x64
		Release|x86 = Release|x86
	EndGlobalSection
	GlobalSection(ProjectConfigurationPlatforms) = postSolution
		{28FBB217-6DA2-4657-9090-B45138E27D88}.Debug|x64.ActiveCfg = Debug|x64
		{28FBB217-6DA2-4657-9090-B45138E27D88}.Debug|x64.Build.0 = Debug|x64
		{28FBB217-6DA2-4657-9090-B45138E27D88}.Debug|x86.ActiveCfg = Debug|Win32
		{28FBB217-6DA2-4657-9090-B45138E27D88}.Debug|x86.Build.0 = Debug|Win32
		{28FBB217-6DA2-4657-9090-B45138E27D88}.Release|x64.ActiveCfg = Release|x64
		{28FBB217-6DA2-4657-9090-B45138E27D88}.Release|x64.Build.0 = Release|x64
		{28FBB217-6DA2-4657-9090-B45138E27D88}.Release|x86.ActiveCfg = Release|Win32
		{28FBB217-6DA2-4657-9090-B45138E27D88}.Release|x86.Build.0 = Release|Win32
		{AAEFC325-AD90-427D-9A08-563F69E7038C}.Debug|x64.ActiveCfg = Debug|x64
		{AAEFC325-AD90-427D-9A08-563F69E7038C}.Debug|x64.Build.0 = Debug|x64
		{AAEFC325-AD90-427D-9A08-563F69E7038C}.Debug|x86.ActiveCfg = Debug|Win32
		{AAEFC325-AD90-427D-9A08-563F69E7038C}.Debug|x86.Build.0 = Debug|Win32
		{AAEFC325-AD90-427D-9A08-563F69E7038C}.Release|x64.ActiveCfg = Release|x64
		{AAEFC325-AD90-427D-9A08-563F69E7038C}.Release|x64.Build.0 = Release|x64
		{AAEFC325-AD90-427D-9A08-563F69E7038C}.Release|x86.ActiveCfg = Release|Win32
		{AAEFC325-AD90-427D-9A08-563F69E7038C}.Release|x86.Build.0 = Release|Win32
	EndGlobalSection
	GlobalSection(SolutionProperties) = preSolution
		HideSolutionNode = FALSE
	EndGlobalSection
	GlobalSection(ExtensibilityGlobals) = postSolution
		SolutionGuid = {9D63069E-F958-4383-8F47-A717E343F519}
	EndGlobalSection
EndGlobal
